
Microsoft Visual Studio Solution File, Format Version 12.00
# Visual Studio Version 17
VisualStudioVersion = 17.9.34701.34
MinimumVisualStudioVersion = 10.0.40219.1
Project("{FAE04EC0-301F-11D3-BF4B-00C04F79EFBC}") = "MVCtest", "MVCtest\MVCtest.csproj", "{858EA3C4-CD73-4532-AF7C-DC6895AC1E5E}"
EndProject
Global
	GlobalSection(SolutionConfigurationPlatforms) = preSolution
		Debug|Any CPU = Debug|Any CPU
		Release|Any CPU = Release|Any CPU
	EndGlobalSection
	GlobalSection(ProjectConfigurationPlatforms) = postSolution
		{858EA3C4-CD73-4532-AF7C-DC6895AC1E5E}.Debug|Any CPU.ActiveCfg = Debug|Any CPU
		{858EA3C4-CD73-4532-AF7C-DC6895AC1E5E}.Debug|Any CPU.Build.0 = Debug|Any CPU
		{858EA3C4-CD73-4532-AF7C-DC6895AC1E5E}.Release|Any CPU.ActiveCfg = Release|Any CPU
		{858EA3C4-CD73-4532-AF7C-DC6895AC1E5E}.Release|Any CPU.Build.0 = Release|Any CPU
	EndGlobalSection
	GlobalSection(SolutionProperties) = preSolution
		HideSolutionNode = FALSE
	EndGlobalSection
	GlobalSection(ExtensibilityGlobals) = postSolution
		SolutionGuid = {80F1E61C-8A76-43A7-A44F-0DD48AFBEC1B}
	EndGlobalSection
EndGlobal
